// !$*UTF8*$!
{
	archiveVersion = 1;
	classes = {
	};
	objectVersion = 54;
	objects = {

/* Begin PBXBuildFile section */
		504EC3081FED79650016851F /* AppDelegate.swift in Sources */ = {isa = PBXBuildFile; fileRef = 504EC3071FED79650016851F /* AppDelegate.swift */; };
		504EC30F1FED79650016851F /* Assets.xcassets in Resources */ = {isa = PBXBuildFile; fileRef = 504EC30E1FED79650016851F /* Assets.xcassets */; };
		504EC3121FED79650016851F /* LaunchScreen.storyboard in Resources */ = {isa = PBXBuildFile; fileRef = 504EC3101FED79650016851F /* LaunchScreen.storyboard */; };
		50B271D11FEDC1A000F3C39B /* public in Resources */ = {isa = PBXBuildFile; fileRef = 50B271D01FEDC1A000F3C39B /* public */; };
		7E59BEE32F3CF263005F7386 /* FirebaseAuth in Frameworks */ = {isa = PBXBuildFile; productRef = 7E59BEE22F3CF263005F7386 /* FirebaseAuth */; };
		7E59BEE72F3D02BF005F7386 /* AppleSignInHandler.swift in Sources */ = {isa = PBXBuildFile; fileRef = 7E59BEE62F3D02BF005F7386 /* AppleSignInHandler.swift */; };
		7EA44BD42F3A5C2E006789FF /* FirebaseMessaging in Frameworks */ = {isa = PBXBuildFile; productRef = 7EA44BD32F3A5C2E006789FF /* FirebaseMessaging */; };
		AA000001000000000000AA01 /* VinslippApp.swift in Sources */ = {isa = PBXBuildFile; fileRef = AA000001000000000000AA00 /* VinslippApp.swift */; };
		AA000002000000000000AA01 /* ReleaseModels.swift in Sources */ = {isa = PBXBuildFile; fileRef = AA000002000000000000AA00 /* ReleaseModels.swift */; };
		AA000003000000000000AA01 /* DataService.swift in Sources */ = {isa = PBXBuildFile; fileRef = AA000003000000000000AA00 /* DataService.swift */; };
		AA000004000000000000AA01 /* ContentView.swift in Sources */ = {isa = PBXBuildFile; fileRef = AA000004000000000000AA00 /* ContentView.swift */; };
		AA000005000000000000AA01 /* ReleaseTab.swift in Sources */ = {isa = PBXBuildFile; fileRef = AA000005000000000000AA00 /* ReleaseTab.swift */; };
		AA000006000000000000AA01 /* MiniCalendar.swift in Sources */ = {isa = PBXBuildFile; fileRef = AA000006000000000000AA00 /* MiniCalendar.swift */; };
		AA000007000000000000AA01 /* WineRow.swift in Sources */ = {isa = PBXBuildFile; fileRef = AA000007000000000000AA00 /* WineRow.swift */; };
		AA000008000000000000AA01 /* WineDetail.swift in Sources */ = {isa = PBXBuildFile; fileRef = AA000008000000000000AA00 /* WineDetail.swift */; };
		AA000009000000000000AA01 /* PlaceholderTab.swift in Sources */ = {isa = PBXBuildFile; fileRef = AA000009000000000000AA00 /* PlaceholderTab.swift */; };
		AA00000A000000000000AA01 /* Colors.swift in Sources */ = {isa = PBXBuildFile; fileRef = AA00000A000000000000AA00 /* Colors.swift */; };
		BB000001000000000000BB01 /* ProfileTab.swift in Sources */ = {isa = PBXBuildFile; fileRef = BB000001000000000000BB00 /* ProfileTab.swift */; };
		CC000001000000000000CC01 /* FirebaseFirestore in Frameworks */ = {isa = PBXBuildFile; productRef = CC000001000000000000CC00 /* FirebaseFirestore */; };
		CC000002000000000000CC01 /* BlogService.swift in Sources */ = {isa = PBXBuildFile; fileRef = CC000002000000000000CC00 /* BlogService.swift */; };
		CC000003000000000000CC01 /* BlogTab.swift in Sources */ = {isa = PBXBuildFile; fileRef = CC000003000000000000CC00 /* BlogTab.swift */; };
		DD000001000000000000DD01 /* AuctionModels.swift in Sources */ = {isa = PBXBuildFile; fileRef = DD000001000000000000DD00 /* AuctionModels.swift */; };
		DD000002000000000000DD01 /* AuctionTab.swift in Sources */ = {isa = PBXBuildFile; fileRef = DD000002000000000000DD00 /* AuctionTab.swift */; };
		EE000001000000000000EE01 /* CellarModels.swift in Sources */ = {isa = PBXBuildFile; fileRef = EE000001000000000000EE00 /* CellarModels.swift */; };
		EE000002000000000000EE01 /* CellarService.swift in Sources */ = {isa = PBXBuildFile; fileRef = EE000002000000000000EE00 /* CellarService.swift */; };
		EE000003000000000000EE01 /* BottleChart.swift in Sources */ = {isa = PBXBuildFile; fileRef = EE000003000000000000EE00 /* BottleChart.swift */; };
		EE000004000000000000EE01 /* CellarTab.swift in Sources */ = {isa = PBXBuildFile; fileRef = EE000004000000000000EE00 /* CellarTab.swift */; };
		F1F1F1F22F3A5C2E00F1F1F1 /* GoogleService-Info.plist in Resources */ = {isa = PBXBuildFile; fileRef = F1F1F1F12F3A5C2E00F1F1F1 /* GoogleService-Info.plist */; };
/* End PBXBuildFile section */

/* Begin PBXFileReference section */
		504EC3041FED79650016851F /* App.app */ = {isa = PBXFileReference; explicitFileType = wrapper.application; includeInIndex = 0; path = App.app; sourceTree = BUILT_PRODUCTS_DIR; };
		504EC3071FED79650016851F /* AppDelegate.swift */ = {isa = PBXFileReference; lastKnownFileType = sourcecode.swift; path = AppDelegate.swift; sourceTree = "<group>"; };
		504EC30E1FED79650016851F /* Assets.xcassets */ = {isa = PBXFileReference; lastKnownFileType = folder.assetcatalog; path = Assets.xcassets; sourceTree = "<group>"; };
		504EC3111FED79650016851F /* Base */ = {isa = PBXFileReference; lastKnownFileType = file.storyboard; name = Base; path = Base.lproj/LaunchScreen.storyboard; sourceTree = "<group>"; };
		504EC3131FED79650016851F /* Info.plist */ = {isa = PBXFileReference; lastKnownFileType = text.plist.xml; path = Info.plist; sourceTree = "<group>"; };
		50B271D01FEDC1A000F3C39B /* public */ = {isa = PBXFileReference; lastKnownFileType = folder; path = public; sourceTree = "<group>"; };
		7E59BEE62F3D02BF005F7386 /* AppleSignInHandler.swift */ = {isa = PBXFileReference; lastKnownFileType = sourcecode.swift; path = AppleSignInHandler.swift; sourceTree = "<group>"; };
		7EA44BDD2F3A5C63006789FF /* App.entitlements */ = {isa = PBXFileReference; lastKnownFileType = text.plist.entitlements; path = App.entitlements; sourceTree = "<group>"; };
		958DCC722DB07C7200EA8C5F /* debug.xcconfig */ = {isa = PBXFileReference; lastKnownFileType = text.xcconfig; name = debug.xcconfig; path = ../debug.xcconfig; sourceTree = SOURCE_ROOT; };
		AA000001000000000000AA00 /* VinslippApp.swift */ = {isa = PBXFileReference; lastKnownFileType = sourcecode.swift; path = VinslippApp.swift; sourceTree = "<group>"; };
		AA000002000000000000AA00 /* ReleaseModels.swift */ = {isa = PBXFileReference; lastKnownFileType = sourcecode.swift; path = ReleaseModels.swift; sourceTree = "<group>"; };
		AA000003000000000000AA00 /* DataService.swift */ = {isa = PBXFileReference; lastKnownFileType = sourcecode.swift; path = DataService.swift; sourceTree = "<group>"; };
		AA000004000000000000AA00 /* ContentView.swift */ = {isa = PBXFileReference; lastKnownFileType = sourcecode.swift; path = ContentView.swift; sourceTree = "<group>"; };
		AA000005000000000000AA00 /* ReleaseTab.swift */ = {isa = PBXFileReference; lastKnownFileType = sourcecode.swift; path = ReleaseTab.swift; sourceTree = "<group>"; };
		AA000006000000000000AA00 /* MiniCalendar.swift */ = {isa = PBXFileReference; lastKnownFileType = sourcecode.swift; path = MiniCalendar.swift; sourceTree = "<group>"; };
		AA000007000000000000AA00 /* WineRow.swift */ = {isa = PBXFileReference; lastKnownFileType = sourcecode.swift; path = WineRow.swift; sourceTree = "<group>"; };
		AA000008000000000000AA00 /* WineDetail.swift */ = {isa = PBXFileReference; lastKnownFileType = sourcecode.swift; path = WineDetail.swift; sourceTree = "<group>"; };
		AA000009000000000000AA00 /* PlaceholderTab.swift */ = {isa = PBXFileReference; lastKnownFileType = sourcecode.swift; path = PlaceholderTab.swift; sourceTree = "<group>"; };
		AA00000A000000000000AA00 /* Colors.swift */ = {isa = PBXFileReference; lastKnownFileType = sourcecode.swift; path = Colors.swift; sourceTree = "<group>"; };
		BB000001000000000000BB00 /* ProfileTab.swift */ = {isa = PBXFileReference; lastKnownFileType = sourcecode.swift; path = ProfileTab.swift; sourceTree = "<group>"; };
		CC000002000000000000CC00 /* BlogService.swift */ = {isa = PBXFileReference; lastKnownFileType = sourcecode.swift; path = BlogService.swift; sourceTree = "<group>"; };
		CC000003000000000000CC00 /* BlogTab.swift */ = {isa = PBXFileReference; lastKnownFileType = sourcecode.swift; path = BlogTab.swift; sourceTree = "<group>"; };
		DD000001000000000000DD00 /* AuctionModels.swift */ = {isa = PBXFileReference; lastKnownFileType = sourcecode.swift; path = AuctionModels.swift; sourceTree = "<group>"; };
		DD000002000000000000DD00 /* AuctionTab.swift */ = {isa = PBXFileReference; lastKnownFileType = sourcecode.swift; path = AuctionTab.swift; sourceTree = "<group>"; };
		EE000001000000000000EE00 /* CellarModels.swift */ = {isa = PBXFileReference; lastKnownFileType = sourcecode.swift; path = CellarModels.swift; sourceTree = "<group>"; };
		EE000002000000000000EE00 /* CellarService.swift */ = {isa = PBXFileReference; lastKnownFileType = sourcecode.swift; path = CellarService.swift; sourceTree = "<group>"; };
		EE000003000000000000EE00 /* BottleChart.swift */ = {isa = PBXFileReference; lastKnownFileType = sourcecode.swift; path = BottleChart.swift; sourceTree = "<group>"; };
		EE000004000000000000EE00 /* CellarTab.swift */ = {isa = PBXFileReference; lastKnownFileType = sourcecode.swift; path = CellarTab.swift; sourceTree = "<group>"; };
		F1F1F1F12F3A5C2E00F1F1F1 /* GoogleService-Info.plist */ = {isa = PBXFileReference; lastKnownFileType = text.plist.xml; path = "GoogleService-Info.plist"; sourceTree = "<group>"; };
/* End PBXFileReference section */

/* Begin PBXFrameworksBuildPhase section */
		504EC3011FED79650016851F /* Frameworks */ = {
			isa = PBXFrameworksBuildPhase;
			buildActionMask = 2147483647;
			files = (
				7E59BEE32F3CF263005F7386 /* FirebaseAuth in Frameworks */,
				7EA44BD42F3A5C2E006789FF /* FirebaseMessaging in Frameworks */,
				CC000001000000000000CC01 /* FirebaseFirestore in Frameworks */,
			);
			runOnlyForDeploymentPostprocessing = 0;
		};
/* End PBXFrameworksBuildPhase section */

/* Begin PBXGroup section */
		504EC2FB1FED79650016851F = {
			isa = PBXGroup;
			children = (
				958DCC722DB07C7200EA8C5F /* debug.xcconfig */,
				504EC3061FED79650016851F /* App */,
				7E59BEE12F3CF263005F7386 /* Frameworks */,
				504EC3051FED79650016851F /* Products */,
			);
			sourceTree = "<group>";
		};
		504EC3051FED79650016851F /* Products */ = {
			isa = PBXGroup;
			children = (
				504EC3041FED79650016851F /* App.app */,
			);
			name = Products;
			sourceTree = "<group>";
		};
		504EC3061FED79650016851F /* App */ = {
			isa = PBXGroup;
			children = (
				7EA44BDD2F3A5C63006789FF /* App.entitlements */,
				AA000001000000000000AA00 /* VinslippApp.swift */,
				504EC3071FED79650016851F /* AppDelegate.swift */,
				7E59BEE62F3D02BF005F7386 /* AppleSignInHandler.swift */,
				AA00000B000000000000AA00 /* Models */,
				AA00000C000000000000AA00 /* Services */,
				AA00000D000000000000AA00 /* Views */,
				AA00000E000000000000AA00 /* Utilities */,
				504EC30E1FED79650016851F /* Assets.xcassets */,
				504EC3101FED79650016851F /* LaunchScreen.storyboard */,
				504EC3131FED79650016851F /* Info.plist */,
				F1F1F1F12F3A5C2E00F1F1F1 /* GoogleService-Info.plist */,
				50B271D01FEDC1A000F3C39B /* public */,
			);
			path = App;
			sourceTree = "<group>";
		};
		7E59BEE12F3CF263005F7386 /* Frameworks */ = {
			isa = PBXGroup;
			children = (
			);
			name = Frameworks;
			sourceTree = "<group>";
		};
		AA00000B000000000000AA00 /* Models */ = {
			isa = PBXGroup;
			children = (
				AA000002000000000000AA00 /* ReleaseModels.swift */,
				DD000001000000000000DD00 /* AuctionModels.swift */,
				EE000001000000000000EE00 /* CellarModels.swift */,
			);
			path = Models;
			sourceTree = "<group>";
		};
		AA00000C000000000000AA00 /* Services */ = {
			isa = PBXGroup;
			children = (
				AA000003000000000000AA00 /* DataService.swift */,
				CC000002000000000000CC00 /* BlogService.swift */,
				EE000002000000000000EE00 /* CellarService.swift */,
			);
			path = Services;
			sourceTree = "<group>";
		};
		AA00000D000000000000AA00 /* Views */ = {
			isa = PBXGroup;
			children = (
				AA000004000000000000AA00 /* ContentView.swift */,
				AA00000F000000000000AA00 /* Release */,
				CC000004000000000000CC00 /* Blog */,
				DD000003000000000000DD00 /* Auction */,
				EE000005000000000000EE00 /* Cellar */,
				BB000002000000000000BB00 /* Profile */,
				AA000010000000000000AA00 /* Placeholder */,
			);
			path = Views;
			sourceTree = "<group>";
		};
		AA00000E000000000000AA00 /* Utilities */ = {
			isa = PBXGroup;
			children = (
				AA00000A000000000000AA00 /* Colors.swift */,
			);
			path = Utilities;
			sourceTree = "<group>";
		};
		AA00000F000000000000AA00 /* Release */ = {
			isa = PBXGroup;
			children = (
				AA000005000000000000AA00 /* ReleaseTab.swift */,
				AA000006000000000000AA00 /* MiniCalendar.swift */,
				AA000007000000000000AA00 /* WineRow.swift */,
				AA000008000000000000AA00 /* WineDetail.swift */,
			);
			path = Release;
			sourceTree = "<group>";
		};
		AA000010000000000000AA00 /* Placeholder */ = {
			isa = PBXGroup;
			children = (
				AA000009000000000000AA00 /* PlaceholderTab.swift */,
			);
			path = Placeholder;
			sourceTree = "<group>";
		};
		BB000002000000000000BB00 /* Profile */ = {
			isa = PBXGroup;
			children = (
				BB000001000000000000BB00 /* ProfileTab.swift */,
			);
			path = Profile;
			sourceTree = "<group>";
		};
		CC000004000000000000CC00 /* Blog */ = {
			isa = PBXGroup;
			children = (
				CC000003000000000000CC00 /* BlogTab.swift */,
			);
			path = Blog;
			sourceTree = "<group>";
		};
		DD000003000000000000DD00 /* Auction */ = {
			isa = PBXGroup;
			children = (
				DD000002000000000000DD00 /* AuctionTab.swift */,
			);
			path = Auction;
			sourceTree = "<group>";
		};
		EE000005000000000000EE00 /* Cellar */ = {
			isa = PBXGroup;
			children = (
				EE000003000000000000EE00 /* BottleChart.swift */,
				EE000004000000000000EE00 /* CellarTab.swift */,
			);
			path = Cellar;
			sourceTree = "<group>";
		};
/* End PBXGroup section */

/* Begin PBXNativeTarget section */
		504EC3031FED79650016851F /* App */ = {
			isa = PBXNativeTarget;
			buildConfigurationList = 504EC3161FED79650016851F /* Build configuration list for PBXNativeTarget "App" */;
			buildPhases = (
				504EC3001FED79650016851F /* Sources */,
				504EC3011FED79650016851F /* Frameworks */,
				504EC3021FED79650016851F /* Resources */,
			);
			buildRules = (
			);
			dependencies = (
			);
			name = App;
			packageProductDependencies = (
				7EA44BD32F3A5C2E006789FF /* FirebaseMessaging */,
				7E59BEE22F3CF263005F7386 /* FirebaseAuth */,
				CC000001000000000000CC00 /* FirebaseFirestore */,
			);
			productName = App;
			productReference = 504EC3041FED79650016851F /* App.app */;
			productType = "com.apple.product-type.application";
		};
/* End PBXNativeTarget section */

/* Begin PBXProject section */
		504EC2FC1FED79650016851F /* Project object */ = {
			isa = PBXProject;
			attributes = {
				BuildIndependentTargetsInParallel = YES;
				LastSwiftUpdateCheck = 0920;
				LastUpgradeCheck = 2620;
				TargetAttributes = {
					504EC3031FED79650016851F = {
						CreatedOnToolsVersion = 9.2;
						LastSwiftMigration = 1100;
					};
				};
			};
			buildConfigurationList = 504EC2FF1FED79650016851F /* Build configuration list for PBXProject "App" */;
			compatibilityVersion = "Xcode 8.0";
			developmentRegion = en;
			hasScannedForEncodings = 0;
			knownRegions = (
				en,
				Base,
			);
			mainGroup = 504EC2FB1FED79650016851F;
			packageReferences = (
				7EA44BAC2F3A5C2E006789FF /* XCRemoteSwiftPackageReference "firebase-ios-sdk" */,
			);
			productRefGroup = 504EC3051FED79650016851F /* Products */;
			projectDirPath = "";
			projectRoot = "";
			targets = (
				504EC3031FED79650016851F /* App */,
			);
		};
/* End PBXProject section */

/* Begin PBXResourcesBuildPhase section */
		504EC3021FED79650016851F /* Resources */ = {
			isa = PBXResourcesBuildPhase;
			buildActionMask = 2147483647;
			files = (
				504EC3121FED79650016851F /* LaunchScreen.storyboard in Resources */,
				50B271D11FEDC1A000F3C39B /* public in Resources */,
				504EC30F1FED79650016851F /* Assets.xcassets in Resources */,
				F1F1F1F22F3A5C2E00F1F1F1 /* GoogleService-Info.plist in Resources */,
			);
			runOnlyForDeploymentPostprocessing = 0;
		};
/* End PBXResourcesBuildPhase section */

/* Begin PBXSourcesBuildPhase section */
		504EC3001FED79650016851F /* Sources */ = {
			isa = PBXSourcesBuildPhase;
			buildActionMask = 2147483647;
			files = (
				504EC3081FED79650016851F /* AppDelegate.swift in Sources */,
				7E59BEE72F3D02BF005F7386 /* AppleSignInHandler.swift in Sources */,
				AA000001000000000000AA01 /* VinslippApp.swift in Sources */,
				AA000002000000000000AA01 /* ReleaseModels.swift in Sources */,
				AA000003000000000000AA01 /* DataService.swift in Sources */,
				AA000004000000000000AA01 /* ContentView.swift in Sources */,
				AA000005000000000000AA01 /* ReleaseTab.swift in Sources */,
				AA000006000000000000AA01 /* MiniCalendar.swift in Sources */,
				AA000007000000000000AA01 /* WineRow.swift in Sources */,
				AA000008000000000000AA01 /* WineDetail.swift in Sources */,
				AA000009000000000000AA01 /* PlaceholderTab.swift in Sources */,
				AA00000A000000000000AA01 /* Colors.swift in Sources */,
				BB000001000000000000BB01 /* ProfileTab.swift in Sources */,
				CC000002000000000000CC01 /* BlogService.swift in Sources */,
				CC000003000000000000CC01 /* BlogTab.swift in Sources */,
				DD000001000000000000DD01 /* AuctionModels.swift in Sources */,
				DD000002000000000000DD01 /* AuctionTab.swift in Sources */,
				EE000001000000000000EE01 /* CellarModels.swift in Sources */,
				EE000002000000000000EE01 /* CellarService.swift in Sources */,
				EE000003000000000000EE01 /* BottleChart.swift in Sources */,
				EE000004000000000000EE01 /* CellarTab.swift in Sources */,
			);
			runOnlyForDeploymentPostprocessing = 0;
		};
/* End PBXSourcesBuildPhase section */

/* Begin PBXVariantGroup section */
		504EC3101FED79650016851F /* LaunchScreen.storyboard */ = {
			isa = PBXVariantGroup;
			children = (
				504EC3111FED79650016851F /* Base */,
			);
			name = LaunchScreen.storyboard;
			sourceTree = "<group>";
		};
/* End PBXVariantGroup section */

/* Begin XCBuildConfiguration section */
		504EC3141FED79650016851F /* Debug */ = {
			isa = XCBuildConfiguration;
			baseConfigurationReference = 958DCC722DB07C7200EA8C5F /* debug.xcconfig */;
			buildSettings = {
				ALWAYS_SEARCH_USER_PATHS = NO;
				ASSETCATALOG_COMPILER_GENERATE_SWIFT_ASSET_SYMBOL_EXTENSIONS = YES;
				CLANG_ANALYZER_NONNULL = YES;
				CLANG_ANALYZER_NUMBER_OBJECT_CONVERSION = YES_AGGRESSIVE;
				CLANG_CXX_LANGUAGE_STANDARD = "gnu++14";
				CLANG_CXX_LIBRARY = "libc++";
				CLANG_ENABLE_MODULES = YES;
				CLANG_ENABLE_OBJC_ARC = YES;
				CLANG_WARN_BLOCK_CAPTURE_AUTORELEASING = YES;
				CLANG_WARN_BOOL_CONVERSION = YES;
				CLANG_WARN_COMMA = YES;
				CLANG_WARN_CONSTANT_CONVERSION = YES;
				CLANG_WARN_DEPRECATED_OBJC_IMPLEMENTATIONS = YES;
				CLANG_WARN_DIRECT_OBJC_ISA_USAGE = YES_ERROR;
				CLANG_WARN_DOCUMENTATION_COMMENTS = YES;
				CLANG_WARN_EMPTY_BODY = YES;
				CLANG_WARN_ENUM_CONVERSION = YES;
				CLANG_WARN_INFINITE_RECURSION = YES;
				CLANG_WARN_INT_CONVERSION = YES;
				CLANG_WARN_NON_LITERAL_NULL_CONVERSION = YES;
				CLANG_WARN_OBJC_IMPLICIT_RETAIN_SELF = YES;
				CLANG_WARN_OBJC_LITERAL_CONVERSION = YES;
				CLANG_WARN_OBJC_ROOT_CLASS = YES_ERROR;
				CLANG_WARN_QUOTED_INCLUDE_IN_FRAMEWORK_HEADER = YES;
				CLANG_WARN_RANGE_LOOP_ANALYSIS = YES;
				CLANG_WARN_STRICT_PROTOTYPES = YES;
				CLANG_WARN_SUSPICIOUS_MOVE = YES;
				CLANG_WARN_UNGUARDED_AVAILABILITY = YES_AGGRESSIVE;
				CLANG_WARN_UNREACHABLE_CODE = YES;
				CLANG_WARN__DUPLICATE_METHOD_MATCH = YES;
				CODE_SIGN_IDENTITY = "iPhone Developer";
				COPY_PHASE_STRIP = NO;
				DEBUG_INFORMATION_FORMAT = dwarf;
				DEVELOPMENT_TEAM = 6XH2FW8MMS;
				ENABLE_STRICT_OBJC_MSGSEND = YES;
				ENABLE_TESTABILITY = YES;
				ENABLE_USER_SCRIPT_SANDBOXING = YES;
				GCC_C_LANGUAGE_STANDARD = gnu11;
				GCC_DYNAMIC_NO_PIC = NO;
				GCC_NO_COMMON_BLOCKS = YES;
				GCC_OPTIMIZATION_LEVEL = 0;
				GCC_PREPROCESSOR_DEFINITIONS = (
					"DEBUG=1",
					"$(inherited)",
				);
				GCC_WARN_64_TO_32_BIT_CONVERSION = YES;
				GCC_WARN_ABOUT_RETURN_TYPE = YES_ERROR;
				GCC_WARN_UNDECLARED_SELECTOR = YES;
				GCC_WARN_UNINITIALIZED_AUTOS = YES_AGGRESSIVE;
				GCC_WARN_UNUSED_FUNCTION = YES;
				GCC_WARN_UNUSED_VARIABLE = YES;
				IPHONEOS_DEPLOYMENT_TARGET = 26.0;
				MTL_ENABLE_DEBUG_INFO = YES;
				ONLY_ACTIVE_ARCH = YES;
				SDKROOT = iphoneos;
				STRING_CATALOG_GENERATE_SYMBOLS = YES;
				SWIFT_ACTIVE_COMPILATION_CONDITIONS = DEBUG;
				SWIFT_OPTIMIZATION_LEVEL = "-Onone";
			};
			name = Debug;
		};
		504EC3151FED79650016851F /* Release */ = {
			isa = XCBuildConfiguration;
			buildSettings = {
				ALWAYS_SEARCH_USER_PATHS = NO;
				ASSETCATALOG_COMPILER_GENERATE_SWIFT_ASSET_SYMBOL_EXTENSIONS = YES;
				CLANG_ANALYZER_NONNULL = YES;
				CLANG_ANALYZER_NUMBER_OBJECT_CONVERSION = YES_AGGRESSIVE;
				CLANG_CXX_LANGUAGE_STANDARD = "gnu++14";
				CLANG_CXX_LIBRARY = "libc++";
				CLANG_ENABLE_MODULES = YES;
				CLANG_ENABLE_OBJC_ARC = YES;
				CLANG_WARN_BLOCK_CAPTURE_AUTORELEASING = YES;
				CLANG_WARN_BOOL_CONVERSION = YES;
				CLANG_WARN_COMMA = YES;
				CLANG_WARN_CONSTANT_CONVERSION = YES;
				CLANG_WARN_DEPRECATED_OBJC_IMPLEMENTATIONS = YES;
				CLANG_WARN_DIRECT_OBJC_ISA_USAGE = YES_ERROR;
				CLANG_WARN_DOCUMENTATION_COMMENTS = YES;
				CLANG_WARN_EMPTY_BODY = YES;
				CLANG_WARN_ENUM_CONVERSION = YES;
				CLANG_WARN_INFINITE_RECURSION = YES;
				CLANG_WARN_INT_CONVERSION = YES;
				CLANG_WARN_NON_LITERAL_NULL_CONVERSION = YES;
				CLANG_WARN_OBJC_IMPLICIT_RETAIN_SELF = YES;
				CLANG_WARN_OBJC_LITERAL_CONVERSION = YES;
				CLANG_WARN_OBJC_ROOT_CLASS = YES_ERROR;
				CLANG_WARN_QUOTED_INCLUDE_IN_FRAMEWORK_HEADER = YES;
				CLANG_WARN_RANGE_LOOP_ANALYSIS = YES;
				CLANG_WARN_STRICT_PROTOTYPES = YES;
				CLANG_WARN_SUSPICIOUS_MOVE = YES;
				CLANG_WARN_UNGUARDED_AVAILABILITY = YES_AGGRESSIVE;
				CLANG_WARN_UNREACHABLE_CODE = YES;
				CLANG_WARN__DUPLICATE_METHOD_MATCH = YES;
				CODE_SIGN_IDENTITY = "iPhone Developer";
				COPY_PHASE_STRIP = NO;
				DEBUG_INFORMATION_FORMAT = "dwarf-with-dsym";
				DEVELOPMENT_TEAM = 6XH2FW8MMS;
				ENABLE_NS_ASSERTIONS = NO;
				ENABLE_STRICT_OBJC_MSGSEND = YES;
				ENABLE_USER_SCRIPT_SANDBOXING = YES;
				GCC_C_LANGUAGE_STANDARD = gnu11;
				GCC_NO_COMMON_BLOCKS = YES;
				GCC_WARN_64_TO_32_BIT_CONVERSION = YES;
				GCC_WARN_ABOUT_RETURN_TYPE = YES_ERROR;
				GCC_WARN_UNDECLARED_SELECTOR = YES;
				GCC_WARN_UNINITIALIZED_AUTOS = YES_AGGRESSIVE;
				GCC_WARN_UNUSED_FUNCTION = YES;
				GCC_WARN_UNUSED_VARIABLE = YES;
				IPHONEOS_DEPLOYMENT_TARGET = 26.0;
				MTL_ENABLE_DEBUG_INFO = NO;
				SDKROOT = iphoneos;
				STRING_CATALOG_GENERATE_SYMBOLS = YES;
				SWIFT_COMPILATION_MODE = wholemodule;
				SWIFT_OPTIMIZATION_LEVEL = "-O";
				VALIDATE_PRODUCT = YES;
			};
			name = Release;
		};
		504EC3171FED79650016851F /* Debug */ = {
			isa = XCBuildConfiguration;
			baseConfigurationReference = 958DCC722DB07C7200EA8C5F /* debug.xcconfig */;
			buildSettings = {
				ASSETCATALOG_COMPILER_APPICON_NAME = AppIcon;
				CODE_SIGN_ENTITLEMENTS = App/App.entitlements;
				CODE_SIGN_IDENTITY = "Apple Development";
				CODE_SIGN_STYLE = Automatic;
				CURRENT_PROJECT_VERSION = 1;
				INFOPLIST_FILE = App/Info.plist;
				INFOPLIST_KEY_CFBundleDisplayName = Vinslipp;
				INFOPLIST_KEY_LSApplicationCategoryType = "public.app-category.food-and-drink";
				IPHONEOS_DEPLOYMENT_TARGET = 26.0;
				LD_RUNPATH_SEARCH_PATHS = (
					"$(inherited)",
					"@executable_path/Frameworks",
				);
				MARKETING_VERSION = 1.2;
				OTHER_SWIFT_FLAGS = "$(inherited) \"-DDEBUG\"";
				PRODUCT_BUNDLE_IDENTIFIER = com.nybroans.vinslipp;
				PRODUCT_NAME = "$(TARGET_NAME)";
				PROVISIONING_PROFILE_SPECIFIER = "";
				SWIFT_ACTIVE_COMPILATION_CONDITIONS = DEBUG;
				SWIFT_VERSION = 5.0;
				TARGETED_DEVICE_FAMILY = "1,2";
			};
			name = Debug;
		};
		504EC3181FED79650016851F /* Release */ = {
			isa = XCBuildConfiguration;
			buildSettings = {
				ASSETCATALOG_COMPILER_APPICON_NAME = AppIcon;
				CODE_SIGN_ENTITLEMENTS = App/App.entitlements;
				CODE_SIGN_IDENTITY = "Apple Development";
				CODE_SIGN_STYLE = Automatic;
				CURRENT_PROJECT_VERSION = 1;
				INFOPLIST_FILE = App/Info.plist;
				INFOPLIST_KEY_CFBundleDisplayName = Vinslipp;
				INFOPLIST_KEY_LSApplicationCategoryType = "public.app-category.food-and-drink";
				IPHONEOS_DEPLOYMENT_TARGET = 26.0;
				LD_RUNPATH_SEARCH_PATHS = (
					"$(inherited)",
					"@executable_path/Frameworks",
				);
				MARKETING_VERSION = 1.2;
				PRODUCT_BUNDLE_IDENTIFIER = com.nybroans.vinslipp;
				PRODUCT_NAME = "$(TARGET_NAME)";
				PROVISIONING_PROFILE_SPECIFIER = "";
				SWIFT_ACTIVE_COMPILATION_CONDITIONS = "";
				SWIFT_VERSION = 5.0;
				TARGETED_DEVICE_FAMILY = "1,2";
			};
			name = Release;
		};
/* End XCBuildConfiguration section */

/* Begin XCConfigurationList section */
		504EC2FF1FED79650016851F /* Build configuration list for PBXProject "App" */ = {
			isa = XCConfigurationList;
			buildConfigurations = (
				504EC3141FED79650016851F /* Debug */,
				504EC3151FED79650016851F /* Release */,
			);
			defaultConfigurationIsVisible = 0;
			defaultConfigurationName = Release;
		};
		504EC3161FED79650016851F /* Build configuration list for PBXNativeTarget "App" */ = {
			isa = XCConfigurationList;
			buildConfigurations = (
				504EC3171FED79650016851F /* Debug */,
				504EC3181FED79650016851F /* Release */,
			);
			defaultConfigurationIsVisible = 0;
			defaultConfigurationName = Release;
		};
/* End XCConfigurationList section */

/* Begin XCRemoteSwiftPackageReference section */
		7EA44BAC2F3A5C2E006789FF /* XCRemoteSwiftPackageReference "firebase-ios-sdk" */ = {
			isa = XCRemoteSwiftPackageReference;
			repositoryURL = "https://github.com/firebase/firebase-ios-sdk";
			requirement = {
				kind = upToNextMajorVersion;
				minimumVersion = 12.9.0;
			};
		};
/* End XCRemoteSwiftPackageReference section */

/* Begin XCSwiftPackageProductDependency section */
		7E59BEE22F3CF263005F7386 /* FirebaseAuth */ = {
			isa = XCSwiftPackageProductDependency;
			package = 7EA44BAC2F3A5C2E006789FF /* XCRemoteSwiftPackageReference "firebase-ios-sdk" */;
			productName = FirebaseAuth;
		};
		7EA44BD32F3A5C2E006789FF /* FirebaseMessaging */ = {
			isa = XCSwiftPackageProductDependency;
			package = 7EA44BAC2F3A5C2E006789FF /* XCRemoteSwiftPackageReference "firebase-ios-sdk" */;
			productName = FirebaseMessaging;
		};
		CC000001000000000000CC00 /* FirebaseFirestore */ = {
			isa = XCSwiftPackageProductDependency;
			package = 7EA44BAC2F3A5C2E006789FF /* XCRemoteSwiftPackageReference "firebase-ios-sdk" */;
			productName = FirebaseFirestore;
		};
/* End XCSwiftPackageProductDependency section */
	};
	rootObject = 504EC2FC1FED79650016851F /* Project object */;
}
